
Microsoft Visual Studio Solution File, Format Version 12.00
# Visual Studio Version 16
VisualStudioVersion = 16.0.30709.64
MinimumVisualStudioVersion = 10.0.40219.1
Project("{2150E333-8FDC-42A3-9474-1A3956D46DE8}") = "Core", "Core", "{62598B20-19EA-4BEC-A19E-E1183CEAC417}"
EndProject
Project("{9A19103F-16F7-4668-BE54-9A1E7A4F7556}") = "Jx.Cms.Common", "Jx.Cms.Common\Jx.Cms.Common.csproj", "{D5920182-ACD4-4BF7-9094-616A7AF2F886}"
EndProject
Project("{2150E333-8FDC-42A3-9474-1A3956D46DE8}") = "Web", "Web", "{517353C9-BA7D-4B9E-B65E-186E044BC7AE}"
EndProject
Project("{9A19103F-16F7-4668-BE54-9A1E7A4F7556}") = "Jx.Cms.Web", "Jx.Cms.Web\Jx.Cms.Web.csproj", "{7E88C489-BD65-49A2-8884-C32FF7235EBC}"
EndProject
Project("{2150E333-8FDC-42A3-9474-1A3956D46DE8}") = "Db", "Db", "{C84C92A0-9EA1-492E-AD84-05B3FF344151}"
EndProject
Project("{9A19103F-16F7-4668-BE54-9A1E7A4F7556}") = "Jx.Cms.DbContext", "Jx.Cms.DbContext\Jx.Cms.DbContext.csproj", "{600C8E0F-2C1F-47FF-BED6-E6667ECF0113}"
EndProject
Project("{9A19103F-16F7-4668-BE54-9A1E7A4F7556}") = "Jx.Cms.Entities", "Jx.Cms.Entities\Jx.Cms.Entities.csproj", "{9D4C33C9-37DB-4259-A247-9E80E214963A}"
EndProject
Project("{9A19103F-16F7-4668-BE54-9A1E7A4F7556}") = "Jx.Cms.Themes", "Jx.Cms.Themes\Jx.Cms.Themes.csproj", "{3D4E55A5-EA77-4CD1-8CF2-76B0CBA698E6}"
EndProject
Project("{9A19103F-16F7-4668-BE54-9A1E7A4F7556}") = "Jx.Cms.Plugin", "Jx.Cms.Plugin\Jx.Cms.Plugin.csproj", "{E74A4E2D-DEA1-4CB9-9706-15F60AEA03E8}"
EndProject
Project("{9A19103F-16F7-4668-BE54-9A1E7A4F7556}") = "Jx.Cms.Admin", "Jx.Cms.Admin\Jx.Cms.Admin.csproj", "{4994EAAE-8E70-41B5-83D5-E46304CA889B}"
EndProject
Project("{9A19103F-16F7-4668-BE54-9A1E7A4F7556}") = "Jx.Cms.Service", "Jx.Cms.Service\Jx.Cms.Service.csproj", "{1450A0E1-7C32-4DF4-968B-3ED9987A08C7}"
EndProject
Project("{2150E333-8FDC-42A3-9474-1A3956D46DE8}") = "Plugin", "Plugin", "{E9C6B309-B031-43D6-88CB-0C301BFCCD8C}"
EndProject
Project("{FAE04EC0-301F-11D3-BF4B-00C04F79EFBC}") = "DemoPlugin", "DemoPlugin\DemoPlugin.csproj", "{AA9B75E2-1009-4522-AC7F-6D1224621928}"
EndProject
Global
	GlobalSection(SolutionConfigurationPlatforms) = preSolution
		Debug|Any CPU = Debug|Any CPU
		Release|Any CPU = Release|Any CPU
	EndGlobalSection
	GlobalSection(ProjectConfigurationPlatforms) = postSolution
		{D5920182-ACD4-4BF7-9094-616A7AF2F886}.Debug|Any CPU.ActiveCfg = Debug|Any CPU
		{D5920182-ACD4-4BF7-9094-616A7AF2F886}.Debug|Any CPU.Build.0 = Debug|Any CPU
		{D5920182-ACD4-4BF7-9094-616A7AF2F886}.Release|Any CPU.ActiveCfg = Release|Any CPU
		{D5920182-ACD4-4BF7-9094-616A7AF2F886}.Release|Any CPU.Build.0 = Release|Any CPU
		{7E88C489-BD65-49A2-8884-C32FF7235EBC}.Debug|Any CPU.ActiveCfg = Debug|Any CPU
		{7E88C489-BD65-49A2-8884-C32FF7235EBC}.Debug|Any CPU.Build.0 = Debug|Any CPU
		{7E88C489-BD65-49A2-8884-C32FF7235EBC}.Release|Any CPU.ActiveCfg = Release|Any CPU
		{7E88C489-BD65-49A2-8884-C32FF7235EBC}.Release|Any CPU.Build.0 = Release|Any CPU
		{600C8E0F-2C1F-47FF-BED6-E6667ECF0113}.Debug|Any CPU.ActiveCfg = Debug|Any CPU
		{600C8E0F-2C1F-47FF-BED6-E6667ECF0113}.Debug|Any CPU.Build.0 = Debug|Any CPU
		{600C8E0F-2C1F-47FF-BED6-E6667ECF0113}.Release|Any CPU.ActiveCfg = Release|Any CPU
		{600C8E0F-2C1F-47FF-BED6-E6667ECF0113}.Release|Any CPU.Build.0 = Release|Any CPU
		{9D4C33C9-37DB-4259-A247-9E80E214963A}.Debug|Any CPU.ActiveCfg = Debug|Any CPU
		{9D4C33C9-37DB-4259-A247-9E80E214963A}.Debug|Any CPU.Build.0 = Debug|Any CPU
		{9D4C33C9-37DB-4259-A247-9E80E214963A}.Release|Any CPU.ActiveCfg = Release|Any CPU
		{9D4C33C9-37DB-4259-A247-9E80E214963A}.Release|Any CPU.Build.0 = Release|Any CPU
		{3D4E55A5-EA77-4CD1-8CF2-76B0CBA698E6}.Debug|Any CPU.ActiveCfg = Debug|Any CPU
		{3D4E55A5-EA77-4CD1-8CF2-76B0CBA698E6}.Debug|Any CPU.Build.0 = Debug|Any CPU
		{3D4E55A5-EA77-4CD1-8CF2-76B0CBA698E6}.Release|Any CPU.ActiveCfg = Release|Any CPU
		{3D4E55A5-EA77-4CD1-8CF2-76B0CBA698E6}.Release|Any CPU.Build.0 = Release|Any CPU
		{E74A4E2D-DEA1-4CB9-9706-15F60AEA03E8}.Debug|Any CPU.ActiveCfg = Debug|Any CPU
		{E74A4E2D-DEA1-4CB9-9706-15F60AEA03E8}.Debug|Any CPU.Build.0 = Debug|Any CPU
		{E74A4E2D-DEA1-4CB9-9706-15F60AEA03E8}.Release|Any CPU.ActiveCfg = Release|Any CPU
		{E74A4E2D-DEA1-4CB9-9706-15F60AEA03E8}.Release|Any CPU.Build.0 = Release|Any CPU
		{4994EAAE-8E70-41B5-83D5-E46304CA889B}.Debug|Any CPU.ActiveCfg = Debug|Any CPU
		{4994EAAE-8E70-41B5-83D5-E46304CA889B}.Debug|Any CPU.Build.0 = Debug|Any CPU
		{4994EAAE-8E70-41B5-83D5-E46304CA889B}.Release|Any CPU.ActiveCfg = Release|Any CPU
		{4994EAAE-8E70-41B5-83D5-E46304CA889B}.Release|Any CPU.Build.0 = Release|Any CPU
		{1450A0E1-7C32-4DF4-968B-3ED9987A08C7}.Debug|Any CPU.ActiveCfg = Debug|Any CPU
		{1450A0E1-7C32-4DF4-968B-3ED9987A08C7}.Debug|Any CPU.Build.0 = Debug|Any CPU
		{1450A0E1-7C32-4DF4-968B-3ED9987A08C7}.Release|Any CPU.ActiveCfg = Release|Any CPU
		{1450A0E1-7C32-4DF4-968B-3ED9987A08C7}.Release|Any CPU.Build.0 = Release|Any CPU
		{AA9B75E2-1009-4522-AC7F-6D1224621928}.Debug|Any CPU.ActiveCfg = Debug|Any CPU
		{AA9B75E2-1009-4522-AC7F-6D1224621928}.Debug|Any CPU.Build.0 = Debug|Any CPU
		{AA9B75E2-1009-4522-AC7F-6D1224621928}.Release|Any CPU.ActiveCfg = Release|Any CPU
		{AA9B75E2-1009-4522-AC7F-6D1224621928}.Release|Any CPU.Build.0 = Release|Any CPU
	EndGlobalSection
	GlobalSection(SolutionProperties) = preSolution
		HideSolutionNode = FALSE
	EndGlobalSection
	GlobalSection(NestedProjects) = preSolution
		{D5920182-ACD4-4BF7-9094-616A7AF2F886} = {62598B20-19EA-4BEC-A19E-E1183CEAC417}
		{7E88C489-BD65-49A2-8884-C32FF7235EBC} = {517353C9-BA7D-4B9E-B65E-186E044BC7AE}
		{600C8E0F-2C1F-47FF-BED6-E6667ECF0113} = {C84C92A0-9EA1-492E-AD84-05B3FF344151}
		{9D4C33C9-37DB-4259-A247-9E80E214963A} = {C84C92A0-9EA1-492E-AD84-05B3FF344151}
		{3D4E55A5-EA77-4CD1-8CF2-76B0CBA698E6} = {62598B20-19EA-4BEC-A19E-E1183CEAC417}
		{E74A4E2D-DEA1-4CB9-9706-15F60AEA03E8} = {62598B20-19EA-4BEC-A19E-E1183CEAC417}
		{4994EAAE-8E70-41B5-83D5-E46304CA889B} = {517353C9-BA7D-4B9E-B65E-186E044BC7AE}
		{1450A0E1-7C32-4DF4-968B-3ED9987A08C7} = {62598B20-19EA-4BEC-A19E-E1183CEAC417}
		{AA9B75E2-1009-4522-AC7F-6D1224621928} = {E9C6B309-B031-43D6-88CB-0C301BFCCD8C}
	EndGlobalSection
	GlobalSection(ExtensibilityGlobals) = postSolution
		SolutionGuid = {0D059992-2AD3-4A60-96C5-0E725E0FA933}
	EndGlobalSection
EndGlobal
